{
  "version": "1.0.0",
  "lockfileVersion": 1,
  "requires": true,
  "dependencies": {
    "@types/arcgis-js-api": {
      "version": "4.9.0",
      "resolved": "https://registry.npmjs.org/@types/arcgis-js-api/-/arcgis-js-api-4.9.0.tgz",
      "integrity": "sha512-UoqroutawVukJNE07XsPtb8gnghxZZUx0kHIbGzUKxxEe2mf1BfJQjuZ3RR9wnUzuD55XuPHEQiFxWGXgqo7rw==",
      "dev": true
    },
    "@types/chai": {
      "version": "4.1.6",
      "resolved": "https://registry.npmjs.org/@types/chai/-/chai-4.1.6.tgz",
      "integrity": "sha512-CBk7KTZt3FhPsEkYioG6kuCIpWISw+YI8o+3op4+NXwTpvAPxE1ES8+PY8zfaK2L98b1z5oq03UHa4VYpeUxnw==",
      "dev": true
    },
    "dojo-typings": {
      "version": "1.11.9",
      "resolved": "https://registry.npmjs.org/dojo-typings/-/dojo-typings-1.11.9.tgz",
      "integrity": "sha512-mh8w+Mau2Y1QfTEszEAdO7j6ycNhYxF/Ing6nAk1eUg6NxjeT0viVHjICMd9sU3U463vM2G+KfBBK5grk3/Mlw==",
      "dev": true,
      "requires": {
        "@types/chai": "^4.0.4"
      }
    },
    "typescript": {
      "version": "3.1.2",
      "resolved": "https://registry.npmjs.org/typescript/-/typescript-3.1.2.tgz",
      "integrity": "sha512-gOoGJWbNnFAfP9FlrSV63LYD5DJqYJHG5ky1kOXSl3pCImn4rqWy/flyq1BRd4iChQsoCqjbQaqtmXO4yCVPCA==",
      "dev": true
    }
  }
}
